{
  "version": 4,
  "terraform_version": "1.12.2",
  "serial": 18,
  "lineage": "58136c7f-76f8-dc48-ce3b-46f8e93553ce",
  "outputs": {
    "alb_url": {
      "value": "strapi-varun-alb-696994375.us-east-2.elb.amazonaws.com",
      "type": "string"
    },
    "rds_endpoint": {
      "value": "strapi-varun-db-instance.cbymg2mgkcu2.us-east-2.rds.amazonaws.com",
      "type": "string"
    }
  },
  "resources": [
    {
      "mode": "data",
      "type": "aws_subnet",
      "name": "selected",
      "provider": "provider[\"registry.terraform.io/hashicorp/aws\"]",
      "instances": [
        {
          "index_key": 0,
          "schema_version": 0,
          "attributes": {
            "arn": "arn:aws:ec2:us-east-2:607700977843:subnet/subnet-00149dab4a12107f1",
            "assign_ipv6_address_on_creation": false,
            "availability_zone": "us-east-2b",
            "availability_zone_id": "use2-az2",
            "available_ip_address_count": 247,
            "cidr_block": "172.31.241.0/24",
            "customer_owned_ipv4_pool": "",
            "default_for_az": false,
            "enable_dns64": false,
            "enable_lni_at_device_index": 0,
            "enable_resource_name_dns_a_record_on_launch": false,
            "enable_resource_name_dns_aaaa_record_on_launch": false,
            "filter": null,
            "id": "subnet-00149dab4a12107f1",
            "ipv6_cidr_block": "",
            "ipv6_cidr_block_association_id": "",
            "ipv6_native": false,
            "map_customer_owned_ip_on_launch": false,
            "map_public_ip_on_launch": false,
            "outpost_arn": "",
            "owner_id": "607700977843",
            "private_dns_hostname_type_on_launch": "ip-name",
            "region": "us-east-2",
            "state": "available",
            "tags": {
              "Name": "strapi-private-subnet-2-vivek"
            },
            "timeouts": null,
            "vpc_id": "vpc-06ba36bca6b59f95e"
          },
          "sensitive_attributes": [],
          "identity_schema_version": 0
        },
        {
          "index_key": 1,
          "schema_version": 0,
          "attributes": {
            "arn": "arn:aws:ec2:us-east-2:607700977843:subnet/subnet-0dc0f70ddea3c7b99",
            "assign_ipv6_address_on_creation": false,
            "availability_zone": "us-east-2a",
            "availability_zone_id": "use2-az1",
            "available_ip_address_count": 243,
            "cidr_block": "172.31.200.0/24",
            "customer_owned_ipv4_pool": "",
            "default_for_az": false,
            "enable_dns64": false,
            "enable_lni_at_device_index": 0,
            "enable_resource_name_dns_a_record_on_launch": false,
            "enable_resource_name_dns_aaaa_record_on_launch": false,
            "filter": null,
            "id": "subnet-0dc0f70ddea3c7b99",
            "ipv6_cidr_block": "",
            "ipv6_cidr_block_association_id": "",
            "ipv6_native": false,
            "map_customer_owned_ip_on_launch": false,
            "map_public_ip_on_launch": false,
            "outpost_arn": "",
            "owner_id": "607700977843",
            "private_dns_hostname_type_on_launch": "ip-name",
            "region": "us-east-2",
            "state": "available",
            "tags": {
              "Name": "strapi-private-subnet-1-vivek"
            },
            "timeouts": null,
            "vpc_id": "vpc-06ba36bca6b59f95e"
          },
          "sensitive_attributes": [],
          "identity_schema_version": 0
        },
        {
          "index_key": 2,
          "schema_version": 0,
          "attributes": {
            "arn": "arn:aws:ec2:us-east-2:607700977843:subnet/subnet-03e27b60efa8df9f0",
            "assign_ipv6_address_on_creation": false,
            "availability_zone": "us-east-2b",
            "availability_zone_id": "use2-az2",
            "available_ip_address_count": 241,
            "cidr_block": "172.31.65.0/24",
            "customer_owned_ipv4_pool": "",
            "default_for_az": false,
            "enable_dns64": false,
            "enable_lni_at_device_index": 0,
            "enable_resource_name_dns_a_record_on_launch": false,
            "enable_resource_name_dns_aaaa_record_on_launch": false,
            "filter": null,
            "id": "subnet-03e27b60efa8df9f0",
            "ipv6_cidr_block": "",
            "ipv6_cidr_block_association_id": "",
            "ipv6_native": false,
            "map_customer_owned_ip_on_launch": false,
            "map_public_ip_on_launch": true,
            "outpost_arn": "",
            "owner_id": "607700977843",
            "private_dns_hostname_type_on_launch": "ip-name",
            "region": "us-east-2",
            "state": "available",
            "tags": {
              "Name": "Ohio-Public-Subnet-1"
            },
            "timeouts": null,
            "vpc_id": "vpc-06ba36bca6b59f95e"
          },
          "sensitive_attributes": [],
          "identity_schema_version": 0
        },
        {
          "index_key": 3,
          "schema_version": 0,
          "attributes": {
            "arn": "arn:aws:ec2:us-east-2:607700977843:subnet/subnet-0a1e6640cafebb652",
            "assign_ipv6_address_on_creation": false,
            "availability_zone": "us-east-2a",
            "availability_zone_id": "use2-az1",
            "available_ip_address_count": 249,
            "cidr_block": "172.31.230.0/24",
            "customer_owned_ipv4_pool": "",
            "default_for_az": false,
            "enable_dns64": false,
            "enable_lni_at_device_index": 0,
            "enable_resource_name_dns_a_record_on_launch": false,
            "enable_resource_name_dns_aaaa_record_on_launch": false,
            "filter": null,
            "id": "subnet-0a1e6640cafebb652",
            "ipv6_cidr_block": "",
            "ipv6_cidr_block_association_id": "",
            "ipv6_native": false,
            "map_customer_owned_ip_on_launch": false,
            "map_public_ip_on_launch": false,
            "outpost_arn": "",
            "owner_id": "607700977843",
            "private_dns_hostname_type_on_launch": "ip-name",
            "region": "us-east-2",
            "state": "available",
            "tags": {
              "Name": "strapi-private-subnet-1-vivek"
            },
            "timeouts": null,
            "vpc_id": "vpc-06ba36bca6b59f95e"
          },
          "sensitive_attributes": [],
          "identity_schema_version": 0
        },
        {
          "index_key": 4,
          "schema_version": 0,
          "attributes": {
            "arn": "arn:aws:ec2:us-east-2:607700977843:subnet/subnet-0f768008c6324831f",
            "assign_ipv6_address_on_creation": false,
            "availability_zone": "us-east-2c",
            "availability_zone_id": "use2-az3",
            "available_ip_address_count": 4069,
            "cidr_block": "172.31.32.0/20",
            "customer_owned_ipv4_pool": "",
            "default_for_az": true,
            "enable_dns64": false,
            "enable_lni_at_device_index": 0,
            "enable_resource_name_dns_a_record_on_launch": false,
            "enable_resource_name_dns_aaaa_record_on_launch": false,
            "filter": null,
            "id": "subnet-0f768008c6324831f",
            "ipv6_cidr_block": "",
            "ipv6_cidr_block_association_id": "",
            "ipv6_native": false,
            "map_customer_owned_ip_on_launch": false,
            "map_public_ip_on_launch": true,
            "outpost_arn": "",
            "owner_id": "607700977843",
            "private_dns_hostname_type_on_launch": "ip-name",
            "region": "us-east-2",
            "state": "available",
            "tags": {},
            "timeouts": null,
            "vpc_id": "vpc-06ba36bca6b59f95e"
          },
          "sensitive_attributes": [],
          "identity_schema_version": 0
        },
        {
          "index_key": 5,
          "schema_version": 0,
          "attributes": {
            "arn": "arn:aws:ec2:us-east-2:607700977843:subnet/subnet-024126fd1eb33ec08",
            "assign_ipv6_address_on_creation": false,
            "availability_zone": "us-east-2a",
            "availability_zone_id": "use2-az1",
            "available_ip_address_count": 247,
            "cidr_block": "172.31.64.0/24",
            "customer_owned_ipv4_pool": "",
            "default_for_az": false,
            "enable_dns64": false,
            "enable_lni_at_device_index": 0,
            "enable_resource_name_dns_a_record_on_launch": false,
            "enable_resource_name_dns_aaaa_record_on_launch": false,
            "filter": null,
            "id": "subnet-024126fd1eb33ec08",
            "ipv6_cidr_block": "",
            "ipv6_cidr_block_association_id": "",
            "ipv6_native": false,
            "map_customer_owned_ip_on_launch": false,
            "map_public_ip_on_launch": true,
            "outpost_arn": "",
            "owner_id": "607700977843",
            "private_dns_hostname_type_on_launch": "ip-name",
            "region": "us-east-2",
            "state": "available",
            "tags": {
              "Name": "Ohio-Public-Subnet-0"
            },
            "timeouts": null,
            "vpc_id": "vpc-06ba36bca6b59f95e"
          },
          "sensitive_attributes": [],
          "identity_schema_version": 0
        },
        {
          "index_key": 6,
          "schema_version": 0,
          "attributes": {
            "arn": "arn:aws:ec2:us-east-2:607700977843:subnet/subnet-0c0bb5df2571165a9",
            "assign_ipv6_address_on_creation": false,
            "availability_zone": "us-east-2a",
            "availability_zone_id": "use2-az1",
            "available_ip_address_count": 4088,
            "cidr_block": "172.31.0.0/20",
            "customer_owned_ipv4_pool": "",
            "default_for_az": true,
            "enable_dns64": false,
            "enable_lni_at_device_index": 0,
            "enable_resource_name_dns_a_record_on_launch": false,
            "enable_resource_name_dns_aaaa_record_on_launch": false,
            "filter": null,
            "id": "subnet-0c0bb5df2571165a9",
            "ipv6_cidr_block": "",
            "ipv6_cidr_block_association_id": "",
            "ipv6_native": false,
            "map_customer_owned_ip_on_launch": false,
            "map_public_ip_on_launch": true,
            "outpost_arn": "",
            "owner_id": "607700977843",
            "private_dns_hostname_type_on_launch": "ip-name",
            "region": "us-east-2",
            "state": "available",
            "tags": {},
            "timeouts": null,
            "vpc_id": "vpc-06ba36bca6b59f95e"
          },
          "sensitive_attributes": [],
          "identity_schema_version": 0
        },
        {
          "index_key": 7,
          "schema_version": 0,
          "attributes": {
            "arn": "arn:aws:ec2:us-east-2:607700977843:subnet/subnet-0906c244cfe901a9a",
            "assign_ipv6_address_on_creation": false,
            "availability_zone": "us-east-2a",
            "availability_zone_id": "use2-az1",
            "available_ip_address_count": 251,
            "cidr_block": "172.31.101.0/24",
            "customer_owned_ipv4_pool": "",
            "default_for_az": false,
            "enable_dns64": false,
            "enable_lni_at_device_index": 0,
            "enable_resource_name_dns_a_record_on_launch": false,
            "enable_resource_name_dns_aaaa_record_on_launch": false,
            "filter": null,
            "id": "subnet-0906c244cfe901a9a",
            "ipv6_cidr_block": "",
            "ipv6_cidr_block_association_id": "",
            "ipv6_native": false,
            "map_customer_owned_ip_on_launch": false,
            "map_public_ip_on_launch": true,
            "outpost_arn": "",
            "owner_id": "607700977843",
            "private_dns_hostname_type_on_launch": "ip-name",
            "region": "us-east-2",
            "state": "available",
            "tags": {},
            "timeouts": null,
            "vpc_id": "vpc-06ba36bca6b59f95e"
          },
          "sensitive_attributes": [],
          "identity_schema_version": 0
        },
        {
          "index_key": 8,
          "schema_version": 0,
          "attributes": {
            "arn": "arn:aws:ec2:us-east-2:607700977843:subnet/subnet-0cc2ddb32492bcc41",
            "assign_ipv6_address_on_creation": false,
            "availability_zone": "us-east-2b",
            "availability_zone_id": "use2-az2",
            "available_ip_address_count": 251,
            "cidr_block": "172.31.102.0/24",
            "customer_owned_ipv4_pool": "",
            "default_for_az": false,
            "enable_dns64": false,
            "enable_lni_at_device_index": 0,
            "enable_resource_name_dns_a_record_on_launch": false,
            "enable_resource_name_dns_aaaa_record_on_launch": false,
            "filter": null,
            "id": "subnet-0cc2ddb32492bcc41",
            "ipv6_cidr_block": "",
            "ipv6_cidr_block_association_id": "",
            "ipv6_native": false,
            "map_customer_owned_ip_on_launch": false,
            "map_public_ip_on_launch": true,
            "outpost_arn": "",
            "owner_id": "607700977843",
            "private_dns_hostname_type_on_launch": "ip-name",
            "region": "us-east-2",
            "state": "available",
            "tags": {},
            "timeouts": null,
            "vpc_id": "vpc-06ba36bca6b59f95e"
          },
          "sensitive_attributes": [],
          "identity_schema_version": 0
        },
        {
          "index_key": 9,
          "schema_version": 0,
          "attributes": {
            "arn": "arn:aws:ec2:us-east-2:607700977843:subnet/subnet-0cc813dd4d76bf797",
            "assign_ipv6_address_on_creation": false,
            "availability_zone": "us-east-2b",
            "availability_zone_id": "use2-az2",
            "available_ip_address_count": 4084,
            "cidr_block": "172.31.16.0/20",
            "customer_owned_ipv4_pool": "",
            "default_for_az": true,
            "enable_dns64": false,
            "enable_lni_at_device_index": 0,
            "enable_resource_name_dns_a_record_on_launch": false,
            "enable_resource_name_dns_aaaa_record_on_launch": false,
            "filter": null,
            "id": "subnet-0cc813dd4d76bf797",
            "ipv6_cidr_block": "",
            "ipv6_cidr_block_association_id": "",
            "ipv6_native": false,
            "map_customer_owned_ip_on_launch": false,
            "map_public_ip_on_launch": true,
            "outpost_arn": "",
            "owner_id": "607700977843",
            "private_dns_hostname_type_on_launch": "ip-name",
            "region": "us-east-2",
            "state": "available",
            "tags": {},
            "timeouts": null,
            "vpc_id": "vpc-06ba36bca6b59f95e"
          },
          "sensitive_attributes": [],
          "identity_schema_version": 0
        }
      ]
    },
    {
      "mode": "data",
      "type": "aws_subnets",
      "name": "default_vpc_subnets",
      "provider": "provider[\"registry.terraform.io/hashicorp/aws\"]",
      "instances": [
        {
          "schema_version": 0,
          "attributes": {
            "filter": [
              {
                "name": "vpc-id",
                "values": [
                  "vpc-06ba36bca6b59f95e"
                ]
              }
            ],
            "id": "us-east-2",
            "ids": [
              "subnet-00149dab4a12107f1",
              "subnet-0dc0f70ddea3c7b99",
              "subnet-03e27b60efa8df9f0",
              "subnet-0a1e6640cafebb652",
              "subnet-0f768008c6324831f",
              "subnet-024126fd1eb33ec08",
              "subnet-0c0bb5df2571165a9",
              "subnet-0906c244cfe901a9a",
              "subnet-0cc2ddb32492bcc41",
              "subnet-0cc813dd4d76bf797"
            ],
            "region": "us-east-2",
            "tags": null,
            "timeouts": null
          },
          "sensitive_attributes": [],
          "identity_schema_version": 0
        }
      ]
    },
    {
      "mode": "data",
      "type": "aws_vpc",
      "name": "default",
      "provider": "provider[\"registry.terraform.io/hashicorp/aws\"]",
      "instances": [
        {
          "schema_version": 0,
          "attributes": {
            "arn": "arn:aws:ec2:us-east-2:607700977843:vpc/vpc-06ba36bca6b59f95e",
            "cidr_block": "172.31.0.0/16",
            "cidr_block_associations": [
              {
                "association_id": "vpc-cidr-assoc-079ee5ea1da8fe27b",
                "cidr_block": "172.31.0.0/16",
                "state": "associated"
              }
            ],
            "default": true,
            "dhcp_options_id": "dopt-03e3d26b708060323",
            "enable_dns_hostnames": true,
            "enable_dns_support": true,
            "enable_network_address_usage_metrics": false,
            "filter": null,
            "id": "vpc-06ba36bca6b59f95e",
            "instance_tenancy": "default",
            "ipv6_association_id": "",
            "ipv6_cidr_block": "",
            "main_route_table_id": "rtb-0542e3cdc6e78d5ee",
            "owner_id": "607700977843",
            "region": "us-east-2",
            "state": null,
            "tags": {},
            "timeouts": null
          },
          "sensitive_attributes": [],
          "identity_schema_version": 0
        }
      ]
    },
    {
      "mode": "managed",
      "type": "aws_cloudwatch_dashboard",
      "name": "strapi_dashboard",
      "provider": "provider[\"registry.terraform.io/hashicorp/aws\"]",
      "instances": [
        {
          "schema_version": 0,
          "attributes": {
            "dashboard_arn": "arn:aws:cloudwatch::607700977843:dashboard/strapi-dashboard-varun",
            "dashboard_body": "{\"widgets\":[{\"height\":6,\"properties\":{\"metrics\":[[\"AWS/ECS\",\"CPUUtilization\",\"ClusterName\",\"strapi-varun-cluster\",\"ServiceName\",\"strapi-varun-service\"]],\"period\":60,\"region\":\"us-east-2\",\"stat\":\"Average\",\"title\":\"ECS CPU Utilization (strapi-varun)\"},\"type\":\"metric\",\"width\":12,\"x\":0,\"y\":0},{\"height\":6,\"properties\":{\"metrics\":[[\"AWS/ECS\",\"MemoryUtilization\",\"ClusterName\",\"strapi-varun-cluster\",\"ServiceName\",\"strapi-varun-service\"]],\"period\":60,\"region\":\"us-east-2\",\"stat\":\"Average\",\"title\":\"ECS Memory Utilization (strapi-varun)\"},\"type\":\"metric\",\"width\":12,\"x\":12,\"y\":0},{\"height\":6,\"properties\":{\"metrics\":[[\"ECS/ContainerInsights\",\"RunningTaskCount\",\"ClusterName\",\"strapi-varun-cluster\",\"ServiceName\",\"strapi-varun-service\"]],\"period\":60,\"region\":\"us-east-2\",\"stat\":\"Average\",\"title\":\"Running Task Count (strapi-varun)\"},\"type\":\"metric\",\"width\":12,\"x\":0,\"y\":6},{\"height\":6,\"properties\":{\"metrics\":[[\"ECS/ContainerInsights\",\"NetworkRxBytes\",\"ClusterName\",\"strapi-varun-cluster\",\"ServiceName\",\"strapi-varun-service\"],[\".\",\"NetworkTxBytes\",\".\",\".\",\".\",\".\"]],\"period\":60,\"region\":\"us-east-2\",\"stat\":\"Sum\",\"title\":\"Network In / Out (Bytes) (strapi-varun)\"},\"type\":\"metric\",\"width\":12,\"x\":12,\"y\":6},{\"height\":6,\"properties\":{\"metrics\":[[\"AWS/ApplicationELB\",\"TargetResponseTime\",\"LoadBalancer\",\"app/strapi-varun-alb/70a9eb40800408f3\"]],\"period\":60,\"region\":\"us-east-2\",\"stat\":\"Average\",\"title\":\"ALB Target Response Time (strapi-varun)\"},\"type\":\"metric\",\"width\":12,\"x\":0,\"y\":12},{\"height\":6,\"properties\":{\"metrics\":[[\"AWS/ApplicationELB\",\"HealthyHostCount\",\"TargetGroup\",\"strapi-varun-tg/f97278a7bd409b9f\",\"LoadBalancer\",\"app/strapi-varun-alb/70a9eb40800408f3\"],[\".\",\"UnHealthyHostCount\",\".\",\".\",\".\",\".\"]],\"period\":60,\"region\":\"us-east-2\",\"stat\":\"Average\",\"title\":\"Target Group Health Check (strapi-varun)\"},\"type\":\"metric\",\"width\":12,\"x\":12,\"y\":12}]}",
            "dashboard_name": "strapi-dashboard-varun",
            "id": "strapi-dashboard-varun",
            "region": "us-east-2"
          },
          "sensitive_attributes": [],
          "identity_schema_version": 0,
          "private": "bnVsbA==",
          "dependencies": [
            "aws_cloudwatch_log_group.strapi_logs",
            "aws_ecs_cluster.strapi_cluster",
            "aws_ecs_service.strapi_service",
            "aws_ecs_task_definition.strapi_task",
            "aws_iam_role.ecs_task_execution_role",
            "aws_lb.strapi_alb",
            "aws_lb_listener.strapi_listener",
            "aws_lb_target_group.strapi_tg",
            "aws_security_group.alb_sg",
            "aws_security_group.ecs_task_sg",
            "data.aws_subnet.selected",
            "data.aws_subnets.default_vpc_subnets",
            "data.aws_vpc.default"
          ]
        }
      ]
    },
    {
      "mode": "managed",
      "type": "aws_cloudwatch_log_group",
      "name": "strapi_logs",
      "provider": "provider[\"registry.terraform.io/hashicorp/aws\"]",
      "instances": [
        {
          "schema_version": 0,
          "attributes": {
            "arn": "arn:aws:logs:us-east-2:607700977843:log-group:/ecs/strapi-varun",
            "id": "/ecs/strapi-varun",
            "kms_key_id": "",
            "log_group_class": "STANDARD",
            "name": "/ecs/strapi-varun",
            "name_prefix": "",
            "region": "us-east-2",
            "retention_in_days": 7,
            "skip_destroy": false,
            "tags": null,
            "tags_all": {}
          },
          "sensitive_attributes": [],
          "identity_schema_version": 0,
          "private": "bnVsbA=="
        }
      ]
    },
    {
      "mode": "managed",
      "type": "aws_cloudwatch_metric_alarm",
      "name": "high_cpu",
      "provider": "provider[\"registry.terraform.io/hashicorp/aws\"]",
      "instances": [
        {
          "schema_version": 1,
          "attributes": {
            "actions_enabled": false,
            "alarm_actions": null,
            "alarm_description": "This metric monitors ECS service CPU utilization",
            "alarm_name": "ecs-strapi-varun-high-cpu",
            "arn": "arn:aws:cloudwatch:us-east-2:607700977843:alarm:ecs-strapi-varun-high-cpu",
            "comparison_operator": "GreaterThanThreshold",
            "datapoints_to_alarm": 0,
            "dimensions": {
              "ClusterName": "strapi-varun-cluster",
              "ServiceName": "strapi-varun-service"
            },
            "evaluate_low_sample_count_percentiles": "",
            "evaluation_periods": 2,
            "extended_statistic": "",
            "id": "ecs-strapi-varun-high-cpu",
            "insufficient_data_actions": null,
            "metric_name": "CPUUtilization",
            "metric_query": [],
            "namespace": "AWS/ECS",
            "ok_actions": null,
            "period": 60,
            "region": "us-east-2",
            "statistic": "Average",
            "tags": null,
            "tags_all": {},
            "threshold": 80,
            "threshold_metric_id": "",
            "treat_missing_data": "missing",
            "unit": ""
          },
          "sensitive_attributes": [],
          "identity_schema_version": 0,
          "private": "eyJzY2hlbWFfdmVyc2lvbiI6IjEifQ==",
          "dependencies": [
            "aws_cloudwatch_log_group.strapi_logs",
            "aws_ecs_cluster.strapi_cluster",
            "aws_ecs_service.strapi_service",
            "aws_ecs_task_definition.strapi_task",
            "aws_iam_role.ecs_task_execution_role",
            "aws_lb.strapi_alb",
            "aws_lb_listener.strapi_listener",
            "aws_lb_target_group.strapi_tg",
            "aws_security_group.alb_sg",
            "aws_security_group.ecs_task_sg",
            "data.aws_subnet.selected",
            "data.aws_subnets.default_vpc_subnets",
            "data.aws_vpc.default"
          ]
        }
      ]
    },
    {
      "mode": "managed",
      "type": "aws_db_instance",
      "name": "strapi_db",
      "provider": "provider[\"registry.terraform.io/hashicorp/aws\"]",
      "instances": [
        {
          "schema_version": 2,
          "attributes": {
            "address": "strapi-varun-db-instance.cbymg2mgkcu2.us-east-2.rds.amazonaws.com",
            "allocated_storage": 20,
            "allow_major_version_upgrade": true,
            "apply_immediately": false,
            "arn": "arn:aws:rds:us-east-2:607700977843:db:strapi-varun-db-instance",
            "auto_minor_version_upgrade": true,
            "availability_zone": "us-east-2c",
            "backup_retention_period": 0,
            "backup_target": "region",
            "backup_window": "06:09-06:39",
            "blue_green_update": [],
            "ca_cert_identifier": "rds-ca-rsa2048-g1",
            "character_set_name": "",
            "copy_tags_to_snapshot": false,
            "custom_iam_instance_profile": "",
            "customer_owned_ip_enabled": false,
            "database_insights_mode": "standard",
            "db_name": "strapi",
            "db_subnet_group_name": "strapi-varun-db-subnet-group",
            "dedicated_log_volume": false,
            "delete_automated_backups": true,
            "deletion_protection": false,
            "domain": "",
            "domain_auth_secret_arn": "",
            "domain_dns_ips": null,
            "domain_fqdn": "",
            "domain_iam_role_name": "",
            "domain_ou": "",
            "enabled_cloudwatch_logs_exports": null,
            "endpoint": "strapi-varun-db-instance.cbymg2mgkcu2.us-east-2.rds.amazonaws.com:5432",
            "engine": "postgres",
            "engine_lifecycle_support": "open-source-rds-extended-support",
            "engine_version": "17.4",
            "engine_version_actual": "17.4",
            "final_snapshot_identifier": null,
            "hosted_zone_id": "Z2XHWR1WZ565X2",
            "iam_database_authentication_enabled": false,
            "id": "db-NL4JMMOOB3XNF34UNAJ3NMKCRM",
            "identifier": "strapi-varun-db-instance",
            "identifier_prefix": "",
            "instance_class": "db.t3.micro",
            "iops": 0,
            "kms_key_id": "",
            "latest_restorable_time": "",
            "license_model": "postgresql-license",
            "listener_endpoint": [],
            "maintenance_window": "tue:04:27-tue:04:57",
            "manage_master_user_password": null,
            "master_user_secret": [],
            "master_user_secret_kms_key_id": null,
            "max_allocated_storage": 0,
            "monitoring_interval": 0,
            "monitoring_role_arn": "",
            "multi_az": false,
            "nchar_character_set_name": "",
            "network_type": "IPV4",
            "option_group_name": "default:postgres-17",
            "parameter_group_name": "strapi-postgres-param-group-varun",
            "password": "Strapi123",
            "password_wo": null,
            "password_wo_version": null,
            "performance_insights_enabled": false,
            "performance_insights_kms_key_id": "",
            "performance_insights_retention_period": 0,
            "port": 5432,
            "publicly_accessible": false,
            "region": "us-east-2",
            "replica_mode": "",
            "replicas": [],
            "replicate_source_db": "",
            "resource_id": "db-NL4JMMOOB3XNF34UNAJ3NMKCRM",
            "restore_to_point_in_time": [],
            "s3_import": [],
            "skip_final_snapshot": true,
            "snapshot_identifier": null,
            "status": "available",
            "storage_encrypted": false,
            "storage_throughput": 0,
            "storage_type": "gp2",
            "tags": {
              "Name": "strapi-varun-db"
            },
            "tags_all": {
              "Name": "strapi-varun-db"
            },
            "timeouts": null,
            "timezone": "",
            "upgrade_storage_config": null,
            "username": "strapi",
            "vpc_security_group_ids": [
              "sg-02f0ff4b08418c199"
            ]
          },
          "sensitive_attributes": [
            [
              {
                "type": "get_attr",
                "value": "password"
              }
            ],
            [
              {
                "type": "get_attr",
                "value": "password_wo"
              }
            ]
          ],
          "identity_schema_version": 0,
          "private": "eyJlMmJmYjczMC1lY2FhLTExZTYtOGY4OC0zNDM2M2JjN2M0YzAiOnsiY3JlYXRlIjozMDAwMDAwMDAwMDAwLCJkZWxldGUiOjM2MDAwMDAwMDAwMDAsInVwZGF0ZSI6NDgwMDAwMDAwMDAwMH0sInNjaGVtYV92ZXJzaW9uIjoiMiJ9",
          "dependencies": [
            "aws_db_parameter_group.strapi_postgres_param_group",
            "aws_db_subnet_group.strapi_db_subnet_group",
            "aws_security_group.alb_sg",
            "aws_security_group.ecs_task_sg",
            "aws_security_group.strapi_rds_sg",
            "data.aws_subnets.default_vpc_subnets",
            "data.aws_vpc.default"
          ]
        }
      ]
    },
    {
      "mode": "managed",
      "type": "aws_db_parameter_group",
      "name": "strapi_postgres_param_group",
      "provider": "provider[\"registry.terraform.io/hashicorp/aws\"]",
      "instances": [
        {
          "schema_version": 0,
          "attributes": {
            "arn": "arn:aws:rds:us-east-2:607700977843:pg:strapi-postgres-param-group-varun",
            "description": "Custom parameter group for Strapi Postgres",
            "family": "postgres17",
            "id": "strapi-postgres-param-group-varun",
            "name": "strapi-postgres-param-group-varun",
            "name_prefix": "",
            "parameter": [
              {
                "apply_method": "immediate",
                "name": "rds.force_ssl",
                "value": "0"
              }
            ],
            "region": "us-east-2",
            "skip_destroy": false,
            "tags": {
              "Name": "strapi_postgres_param_group-varun"
            },
            "tags_all": {
              "Name": "strapi_postgres_param_group-varun"
            }
          },
          "sensitive_attributes": [],
          "identity_schema_version": 0,
          "private": "bnVsbA=="
        }
      ]
    },
    {
      "mode": "managed",
      "type": "aws_db_subnet_group",
      "name": "strapi_db_subnet_group",
      "provider": "provider[\"registry.terraform.io/hashicorp/aws\"]",
      "instances": [
        {
          "schema_version": 0,
          "attributes": {
            "arn": "arn:aws:rds:us-east-2:607700977843:subgrp:strapi-varun-db-subnet-group",
            "description": "Managed by Terraform",
            "id": "strapi-varun-db-subnet-group",
            "name": "strapi-varun-db-subnet-group",
            "name_prefix": "",
            "region": "us-east-2",
            "subnet_ids": [
              "subnet-00149dab4a12107f1",
              "subnet-024126fd1eb33ec08",
              "subnet-03e27b60efa8df9f0",
              "subnet-0906c244cfe901a9a",
              "subnet-0a1e6640cafebb652",
              "subnet-0c0bb5df2571165a9",
              "subnet-0cc2ddb32492bcc41",
              "subnet-0cc813dd4d76bf797",
              "subnet-0dc0f70ddea3c7b99",
              "subnet-0f768008c6324831f"
            ],
            "supported_network_types": [
              "IPV4"
            ],
            "tags": {
              "Name": "strapi-db-subnet-group"
            },
            "tags_all": {
              "Name": "strapi-db-subnet-group"
            },
            "vpc_id": "vpc-06ba36bca6b59f95e"
          },
          "sensitive_attributes": [],
          "identity_schema_version": 0,
          "private": "bnVsbA==",
          "dependencies": [
            "data.aws_subnets.default_vpc_subnets",
            "data.aws_vpc.default"
          ]
        }
      ]
    },
    {
      "mode": "managed",
      "type": "aws_ecs_cluster",
      "name": "strapi_cluster",
      "provider": "provider[\"registry.terraform.io/hashicorp/aws\"]",
      "instances": [
        {
          "schema_version": 0,
          "attributes": {
            "arn": "arn:aws:ecs:us-east-2:607700977843:cluster/strapi-varun-cluster",
            "configuration": [],
            "id": "arn:aws:ecs:us-east-2:607700977843:cluster/strapi-varun-cluster",
            "name": "strapi-varun-cluster",
            "region": "us-east-2",
            "service_connect_defaults": [],
            "setting": [
              {
                "name": "containerInsights",
                "value": "enabled"
              }
            ],
            "tags": null,
            "tags_all": {}
          },
          "sensitive_attributes": [],
          "identity_schema_version": 0,
          "private": "bnVsbA=="
        }
      ]
    },
    {
      "mode": "managed",
      "type": "aws_ecs_service",
      "name": "strapi_service",
      "provider": "provider[\"registry.terraform.io/hashicorp/aws\"]",
      "instances": [
        {
          "schema_version": 1,
          "attributes": {
            "alarms": [],
            "arn": "arn:aws:ecs:us-east-2:607700977843:service/strapi-varun-cluster/strapi-varun-service",
            "availability_zone_rebalancing": "DISABLED",
            "capacity_provider_strategy": [
              {
                "base": null,
                "capacity_provider": "FARGATE_SPOT",
                "weight": 1
              }
            ],
            "cluster": "arn:aws:ecs:us-east-2:607700977843:cluster/strapi-varun-cluster",
            "deployment_circuit_breaker": [
              {
                "enable": false,
                "rollback": false
              }
            ],
            "deployment_configuration": [],
            "deployment_controller": [
              {
                "type": "ECS"
              }
            ],
            "deployment_maximum_percent": 200,
            "deployment_minimum_healthy_percent": 100,
            "desired_count": 1,
            "enable_ecs_managed_tags": false,
            "enable_execute_command": false,
            "force_delete": null,
            "force_new_deployment": null,
            "health_check_grace_period_seconds": 0,
            "iam_role": "/aws-service-role/ecs.amazonaws.com/AWSServiceRoleForECS",
            "id": "arn:aws:ecs:us-east-2:607700977843:service/strapi-varun-cluster/strapi-varun-service",
            "launch_type": "",
            "load_balancer": [
              {
                "advanced_configuration": [],
                "container_name": "strapi-varun-container",
                "container_port": 1337,
                "elb_name": "",
                "target_group_arn": "arn:aws:elasticloadbalancing:us-east-2:607700977843:targetgroup/strapi-varun-tg/f97278a7bd409b9f"
              }
            ],
            "name": "strapi-varun-service",
            "network_configuration": [
              {
                "assign_public_ip": true,
                "security_groups": [
                  "sg-03e2836277d55da88"
                ],
                "subnets": [
                  "subnet-00149dab4a12107f1",
                  "subnet-0dc0f70ddea3c7b99",
                  "subnet-0f768008c6324831f"
                ]
              }
            ],
            "ordered_placement_strategy": [],
            "placement_constraints": [],
            "platform_version": "LATEST",
            "propagate_tags": "NONE",
            "region": "us-east-2",
            "scheduling_strategy": "REPLICA",
            "service_connect_configuration": [],
            "service_registries": [],
            "tags": null,
            "tags_all": {},
            "task_definition": "arn:aws:ecs:us-east-2:607700977843:task-definition/postgres17:17",
            "timeouts": null,
            "triggers": {},
            "volume_configuration": [],
            "vpc_lattice_configurations": [],
            "wait_for_steady_state": false
          },
          "sensitive_attributes": [],
          "identity_schema_version": 0,
          "private": "eyJlMmJmYjczMC1lY2FhLTExZTYtOGY4OC0zNDM2M2JjN2M0YzAiOnsiY3JlYXRlIjoxMjAwMDAwMDAwMDAwLCJkZWxldGUiOjEyMDAwMDAwMDAwMDAsInVwZGF0ZSI6MTIwMDAwMDAwMDAwMH0sInNjaGVtYV92ZXJzaW9uIjoiMSJ9",
          "dependencies": [
            "aws_cloudwatch_log_group.strapi_logs",
            "aws_ecs_cluster.strapi_cluster",
            "aws_ecs_task_definition.strapi_task",
            "aws_iam_role.ecs_task_execution_role",
            "aws_lb.strapi_alb",
            "aws_lb_listener.strapi_listener",
            "aws_lb_target_group.strapi_tg",
            "aws_security_group.alb_sg",
            "aws_security_group.ecs_task_sg",
            "data.aws_subnet.selected",
            "data.aws_subnets.default_vpc_subnets",
            "data.aws_vpc.default"
          ]
        }
      ]
    },
    {
      "mode": "managed",
      "type": "aws_ecs_task_definition",
      "name": "strapi_task",
      "provider": "provider[\"registry.terraform.io/hashicorp/aws\"]",
      "instances": [
        {
          "schema_version": 1,
          "attributes": {
            "arn": "arn:aws:ecs:us-east-2:607700977843:task-definition/postgres17:17",
            "arn_without_revision": "arn:aws:ecs:us-east-2:607700977843:task-definition/postgres17",
            "container_definitions": "[{\"environment\":[{\"name\":\"ADMIN_JWT_SECRET\",\"value\":\"6uoLuxGM+1TXcQKjCG4Rrg==\"},{\"name\":\"API_TOKEN_SALT\",\"value\":\"OX3tBEnxGN9/uCw/1Jqz0Q==\"},{\"name\":\"APP_KEYS\",\"value\":\"cd446k4vsItBPRI8hPr2bw==,dnXv48JDVT7LptYAFRHTaA==,8GggVZTb36gRw/88mHmWow==,h6G1JRVl104ltXtvvHpvtA==\"},{\"name\":\"DATABASE_CLIENT\",\"value\":\"postgres\"},{\"name\":\"DATABASE_HOST\",\"value\":\"strapi-varun-db-instance.cbymg2mgkcu2.us-east-2.rds.amazonaws.com\"},{\"name\":\"DATABASE_NAME\",\"value\":\"strapi\"},{\"name\":\"DATABASE_PASSWORD\",\"value\":\"Strapi123\"},{\"name\":\"DATABASE_PORT\",\"value\":\"5432\"},{\"name\":\"DATABASE_SSL\",\"value\":\"false\"},{\"name\":\"DATABASE_USERNAME\",\"value\":\"strapi\"}],\"essential\":true,\"image\":\"607700977843.dkr.ecr.us-east-2.amazonaws.com/strapi-varun-ecr-repo:latest\",\"logConfiguration\":{\"logDriver\":\"awslogs\",\"options\":{\"awslogs-group\":\"/ecs/strapi-varun\",\"awslogs-region\":\"us-east-2\",\"awslogs-stream-prefix\":\"ecs\"}},\"mountPoints\":[],\"name\":\"strapi-varun-container\",\"portMappings\":[{\"containerPort\":1337,\"hostPort\":1337,\"protocol\":\"tcp\"}],\"systemControls\":[],\"volumesFrom\":[]}]",
            "cpu": "512",
            "enable_fault_injection": false,
            "ephemeral_storage": [],
            "execution_role_arn": "arn:aws:iam::607700977843:role/ecs-varun-execution-role",
            "family": "postgres17",
            "id": "postgres17",
            "ipc_mode": "",
            "memory": "1024",
            "network_mode": "awsvpc",
            "pid_mode": "",
            "placement_constraints": [],
            "proxy_configuration": [],
            "region": "us-east-2",
            "requires_compatibilities": [
              "FARGATE"
            ],
            "revision": 17,
            "runtime_platform": [],
            "skip_destroy": false,
            "tags": null,
            "tags_all": {},
            "task_role_arn": "arn:aws:iam::607700977843:role/ecs-varun-execution-role",
            "track_latest": false,
            "volume": []
          },
          "sensitive_attributes": [],
          "identity_schema_version": 0,
          "private": "eyJzY2hlbWFfdmVyc2lvbiI6IjEifQ==",
          "dependencies": [
            "aws_cloudwatch_log_group.strapi_logs",
            "aws_iam_role.ecs_task_execution_role"
          ]
        }
      ]
    },
    {
      "mode": "managed",
      "type": "aws_iam_role",
      "name": "ecs_task_execution_role",
      "provider": "provider[\"registry.terraform.io/hashicorp/aws\"]",
      "instances": [
        {
          "schema_version": 0,
          "attributes": {
            "arn": "arn:aws:iam::607700977843:role/ecs-varun-execution-role",
            "assume_role_policy": "{\"Statement\":[{\"Action\":\"sts:AssumeRole\",\"Effect\":\"Allow\",\"Principal\":{\"Service\":\"ecs-tasks.amazonaws.com\"}}],\"Version\":\"2012-10-17\"}",
            "create_date": "2025-07-29T12:25:25Z",
            "description": "",
            "force_detach_policies": false,
            "id": "ecs-varun-execution-role",
            "inline_policy": [],
            "managed_policy_arns": [],
            "max_session_duration": 3600,
            "name": "ecs-varun-execution-role",
            "name_prefix": "",
            "path": "/",
            "permissions_boundary": "",
            "tags": null,
            "tags_all": {},
            "unique_id": "AROAY27ONBCZVKP3VDLYA"
          },
          "sensitive_attributes": [],
          "identity_schema_version": 0,
          "identity": {
            "account_id": "607700977843",
            "name": "ecs-varun-execution-role"
          },
          "private": "bnVsbA=="
        }
      ]
    },
    {
      "mode": "managed",
      "type": "aws_iam_role_policy_attachment",
      "name": "ecs_execution_attach",
      "provider": "provider[\"registry.terraform.io/hashicorp/aws\"]",
      "instances": [
        {
          "schema_version": 0,
          "attributes": {
            "id": "ecs-varun-execution-role/arn:aws:iam::aws:policy/service-role/AmazonECSTaskExecutionRolePolicy",
            "policy_arn": "arn:aws:iam::aws:policy/service-role/AmazonECSTaskExecutionRolePolicy",
            "role": "ecs-varun-execution-role"
          },
          "sensitive_attributes": [],
          "identity_schema_version": 0,
          "identity": {
            "account_id": "607700977843",
            "policy_arn": "arn:aws:iam::aws:policy/service-role/AmazonECSTaskExecutionRolePolicy",
            "role": "ecs-varun-execution-role"
          },
          "private": "bnVsbA==",
          "dependencies": [
            "aws_iam_role.ecs_task_execution_role"
          ]
        }
      ]
    },
    {
      "mode": "managed",
      "type": "aws_lb",
      "name": "strapi_alb",
      "provider": "provider[\"registry.terraform.io/hashicorp/aws\"]",
      "instances": [
        {
          "schema_version": 0,
          "attributes": {
            "access_logs": [
              {
                "bucket": "",
                "enabled": false,
                "prefix": ""
              }
            ],
            "arn": "arn:aws:elasticloadbalancing:us-east-2:607700977843:loadbalancer/app/strapi-varun-alb/70a9eb40800408f3",
            "arn_suffix": "app/strapi-varun-alb/70a9eb40800408f3",
            "client_keep_alive": 3600,
            "connection_logs": [
              {
                "bucket": "",
                "enabled": false,
                "prefix": ""
              }
            ],
            "customer_owned_ipv4_pool": "",
            "desync_mitigation_mode": "defensive",
            "dns_name": "strapi-varun-alb-696994375.us-east-2.elb.amazonaws.com",
            "dns_record_client_routing_policy": null,
            "drop_invalid_header_fields": false,
            "enable_cross_zone_load_balancing": true,
            "enable_deletion_protection": false,
            "enable_http2": true,
            "enable_tls_version_and_cipher_suite_headers": false,
            "enable_waf_fail_open": false,
            "enable_xff_client_port": false,
            "enable_zonal_shift": false,
            "enforce_security_group_inbound_rules_on_private_link_traffic": "",
            "id": "arn:aws:elasticloadbalancing:us-east-2:607700977843:loadbalancer/app/strapi-varun-alb/70a9eb40800408f3",
            "idle_timeout": 60,
            "internal": false,
            "ip_address_type": "ipv4",
            "ipam_pools": [],
            "load_balancer_type": "application",
            "minimum_load_balancer_capacity": [],
            "name": "strapi-varun-alb",
            "name_prefix": "",
            "preserve_host_header": false,
            "region": "us-east-2",
            "security_groups": [
              "sg-051c2267b06a8398d"
            ],
            "subnet_mapping": [
              {
                "allocation_id": "",
                "ipv6_address": "",
                "outpost_id": "",
                "private_ipv4_address": "",
                "subnet_id": "subnet-00149dab4a12107f1"
              },
              {
                "allocation_id": "",
                "ipv6_address": "",
                "outpost_id": "",
                "private_ipv4_address": "",
                "subnet_id": "subnet-0dc0f70ddea3c7b99"
              },
              {
                "allocation_id": "",
                "ipv6_address": "",
                "outpost_id": "",
                "private_ipv4_address": "",
                "subnet_id": "subnet-0f768008c6324831f"
              }
            ],
            "subnets": [
              "subnet-00149dab4a12107f1",
              "subnet-0dc0f70ddea3c7b99",
              "subnet-0f768008c6324831f"
            ],
            "tags": {
              "Name": "strapi-varun-alb"
            },
            "tags_all": {
              "Name": "strapi-varun-alb"
            },
            "timeouts": null,
            "vpc_id": "vpc-06ba36bca6b59f95e",
            "xff_header_processing_mode": "append",
            "zone_id": "Z3AADJGX6KTTL2"
          },
          "sensitive_attributes": [],
          "identity_schema_version": 0,
          "identity": {
            "arn": "arn:aws:elasticloadbalancing:us-east-2:607700977843:loadbalancer/app/strapi-varun-alb/70a9eb40800408f3"
          },
          "private": "eyJlMmJmYjczMC1lY2FhLTExZTYtOGY4OC0zNDM2M2JjN2M0YzAiOnsiY3JlYXRlIjo2MDAwMDAwMDAwMDAsImRlbGV0ZSI6NjAwMDAwMDAwMDAwLCJ1cGRhdGUiOjYwMDAwMDAwMDAwMH19",
          "dependencies": [
            "aws_security_group.alb_sg",
            "data.aws_subnet.selected",
            "data.aws_subnets.default_vpc_subnets",
            "data.aws_vpc.default"
          ]
        }
      ]
    },
    {
      "mode": "managed",
      "type": "aws_lb_listener",
      "name": "strapi_listener",
      "provider": "provider[\"registry.terraform.io/hashicorp/aws\"]",
      "instances": [
        {
          "schema_version": 0,
          "attributes": {
            "alpn_policy": null,
            "arn": "arn:aws:elasticloadbalancing:us-east-2:607700977843:listener/app/strapi-varun-alb/70a9eb40800408f3/a3a4447bf593bf53",
            "certificate_arn": null,
            "default_action": [
              {
                "authenticate_cognito": [],
                "authenticate_oidc": [],
                "fixed_response": [],
                "forward": [],
                "order": 1,
                "redirect": [],
                "target_group_arn": "arn:aws:elasticloadbalancing:us-east-2:607700977843:targetgroup/strapi-varun-tg/f97278a7bd409b9f",
                "type": "forward"
              }
            ],
            "id": "arn:aws:elasticloadbalancing:us-east-2:607700977843:listener/app/strapi-varun-alb/70a9eb40800408f3/a3a4447bf593bf53",
            "load_balancer_arn": "arn:aws:elasticloadbalancing:us-east-2:607700977843:loadbalancer/app/strapi-varun-alb/70a9eb40800408f3",
            "mutual_authentication": [],
            "port": 80,
            "protocol": "HTTP",
            "region": "us-east-2",
            "routing_http_request_x_amzn_mtls_clientcert_header_name": null,
            "routing_http_request_x_amzn_mtls_clientcert_issuer_header_name": null,
            "routing_http_request_x_amzn_mtls_clientcert_leaf_header_name": null,
            "routing_http_request_x_amzn_mtls_clientcert_serial_number_header_name": null,
            "routing_http_request_x_amzn_mtls_clientcert_subject_header_name": null,
            "routing_http_request_x_amzn_mtls_clientcert_validity_header_name": null,
            "routing_http_request_x_amzn_tls_cipher_suite_header_name": null,
            "routing_http_request_x_amzn_tls_version_header_name": null,
            "routing_http_response_access_control_allow_credentials_header_value": "",
            "routing_http_response_access_control_allow_headers_header_value": "",
            "routing_http_response_access_control_allow_methods_header_value": "",
            "routing_http_response_access_control_allow_origin_header_value": "",
            "routing_http_response_access_control_expose_headers_header_value": "",
            "routing_http_response_access_control_max_age_header_value": "",
            "routing_http_response_content_security_policy_header_value": "",
            "routing_http_response_server_enabled": true,
            "routing_http_response_strict_transport_security_header_value": "",
            "routing_http_response_x_content_type_options_header_value": "",
            "routing_http_response_x_frame_options_header_value": "",
            "ssl_policy": "",
            "tags": null,
            "tags_all": {},
            "tcp_idle_timeout_seconds": null,
            "timeouts": null
          },
          "sensitive_attributes": [],
          "identity_schema_version": 0,
          "identity": {
            "arn": "arn:aws:elasticloadbalancing:us-east-2:607700977843:listener/app/strapi-varun-alb/70a9eb40800408f3/a3a4447bf593bf53"
          },
          "private": "eyJlMmJmYjczMC1lY2FhLTExZTYtOGY4OC0zNDM2M2JjN2M0YzAiOnsiY3JlYXRlIjozMDAwMDAwMDAwMDAsInVwZGF0ZSI6MzAwMDAwMDAwMDAwfX0=",
          "dependencies": [
            "aws_lb.strapi_alb",
            "aws_lb_target_group.strapi_tg",
            "aws_security_group.alb_sg",
            "data.aws_subnet.selected",
            "data.aws_subnets.default_vpc_subnets",
            "data.aws_vpc.default"
          ]
        }
      ]
    },
    {
      "mode": "managed",
      "type": "aws_lb_target_group",
      "name": "strapi_tg",
      "provider": "provider[\"registry.terraform.io/hashicorp/aws\"]",
      "instances": [
        {
          "schema_version": 0,
          "attributes": {
            "arn": "arn:aws:elasticloadbalancing:us-east-2:607700977843:targetgroup/strapi-varun-tg/f97278a7bd409b9f",
            "arn_suffix": "targetgroup/strapi-varun-tg/f97278a7bd409b9f",
            "connection_termination": null,
            "deregistration_delay": "300",
            "health_check": [
              {
                "enabled": true,
                "healthy_threshold": 2,
                "interval": 30,
                "matcher": "200-299",
                "path": "/",
                "port": "traffic-port",
                "protocol": "HTTP",
                "timeout": 5,
                "unhealthy_threshold": 2
              }
            ],
            "id": "arn:aws:elasticloadbalancing:us-east-2:607700977843:targetgroup/strapi-varun-tg/f97278a7bd409b9f",
            "ip_address_type": "ipv4",
            "lambda_multi_value_headers_enabled": false,
            "load_balancer_arns": [],
            "load_balancing_algorithm_type": "round_robin",
            "load_balancing_anomaly_mitigation": "off",
            "load_balancing_cross_zone_enabled": "use_load_balancer_configuration",
            "name": "strapi-varun-tg",
            "name_prefix": "",
            "port": 1337,
            "preserve_client_ip": null,
            "protocol": "HTTP",
            "protocol_version": "HTTP1",
            "proxy_protocol_v2": false,
            "region": "us-east-2",
            "slow_start": 0,
            "stickiness": [
              {
                "cookie_duration": 86400,
                "cookie_name": "",
                "enabled": false,
                "type": "lb_cookie"
              }
            ],
            "tags": null,
            "tags_all": {},
            "target_failover": [
              {
                "on_deregistration": null,
                "on_unhealthy": null
              }
            ],
            "target_group_health": [
              {
                "dns_failover": [
                  {
                    "minimum_healthy_targets_count": "1",
                    "minimum_healthy_targets_percentage": "off"
                  }
                ],
                "unhealthy_state_routing": [
                  {
                    "minimum_healthy_targets_count": 1,
                    "minimum_healthy_targets_percentage": "off"
                  }
                ]
              }
            ],
            "target_health_state": [
              {
                "enable_unhealthy_connection_termination": null,
                "unhealthy_draining_interval": null
              }
            ],
            "target_type": "ip",
            "vpc_id": "vpc-06ba36bca6b59f95e"
          },
          "sensitive_attributes": [],
          "identity_schema_version": 0,
          "identity": {
            "arn": "arn:aws:elasticloadbalancing:us-east-2:607700977843:targetgroup/strapi-varun-tg/f97278a7bd409b9f"
          },
          "private": "bnVsbA==",
          "dependencies": [
            "data.aws_vpc.default"
          ]
        }
      ]
    },
    {
      "mode": "managed",
      "type": "aws_security_group",
      "name": "alb_sg",
      "provider": "provider[\"registry.terraform.io/hashicorp/aws\"]",
      "instances": [
        {
          "schema_version": 1,
          "attributes": {
            "arn": "arn:aws:ec2:us-east-2:607700977843:security-group/sg-051c2267b06a8398d",
            "description": "Allow HTTP access",
            "egress": [
              {
                "cidr_blocks": [
                  "0.0.0.0/0"
                ],
                "description": "",
                "from_port": 0,
                "ipv6_cidr_blocks": [],
                "prefix_list_ids": [],
                "protocol": "-1",
                "security_groups": [],
                "self": false,
                "to_port": 0
              }
            ],
            "id": "sg-051c2267b06a8398d",
            "ingress": [
              {
                "cidr_blocks": [
                  "0.0.0.0/0"
                ],
                "description": "Allow HTTP",
                "from_port": 80,
                "ipv6_cidr_blocks": [],
                "prefix_list_ids": [],
                "protocol": "tcp",
                "security_groups": [],
                "self": false,
                "to_port": 80
              }
            ],
            "name": "strapi-varun-alb-sg",
            "name_prefix": "",
            "owner_id": "607700977843",
            "region": "us-east-2",
            "revoke_rules_on_delete": false,
            "tags": {
              "Name": "strapi-alb-sg"
            },
            "tags_all": {
              "Name": "strapi-alb-sg"
            },
            "timeouts": null,
            "vpc_id": "vpc-06ba36bca6b59f95e"
          },
          "sensitive_attributes": [],
          "identity_schema_version": 0,
          "private": "eyJlMmJmYjczMC1lY2FhLTExZTYtOGY4OC0zNDM2M2JjN2M0YzAiOnsiY3JlYXRlIjo2MDAwMDAwMDAwMDAsImRlbGV0ZSI6OTAwMDAwMDAwMDAwfSwic2NoZW1hX3ZlcnNpb24iOiIxIn0=",
          "dependencies": [
            "data.aws_vpc.default"
          ]
        }
      ]
    },
    {
      "mode": "managed",
      "type": "aws_security_group",
      "name": "ecs_task_sg",
      "provider": "provider[\"registry.terraform.io/hashicorp/aws\"]",
      "instances": [
        {
          "schema_version": 1,
          "attributes": {
            "arn": "arn:aws:ec2:us-east-2:607700977843:security-group/sg-03e2836277d55da88",
            "description": "Allow traffic from ALB",
            "egress": [
              {
                "cidr_blocks": [
                  "0.0.0.0/0"
                ],
                "description": "",
                "from_port": 0,
                "ipv6_cidr_blocks": [],
                "prefix_list_ids": [],
                "protocol": "-1",
                "security_groups": [],
                "self": false,
                "to_port": 0
              }
            ],
            "id": "sg-03e2836277d55da88",
            "ingress": [
              {
                "cidr_blocks": [],
                "description": "",
                "from_port": 1337,
                "ipv6_cidr_blocks": [],
                "prefix_list_ids": [],
                "protocol": "tcp",
                "security_groups": [
                  "sg-051c2267b06a8398d"
                ],
                "self": false,
                "to_port": 1337
              }
            ],
            "name": "strapi-varun-task-sg",
            "name_prefix": "",
            "owner_id": "607700977843",
            "region": "us-east-2",
            "revoke_rules_on_delete": false,
            "tags": {
              "Name": "strapi-varun-task-sg"
            },
            "tags_all": {
              "Name": "strapi-varun-task-sg"
            },
            "timeouts": null,
            "vpc_id": "vpc-06ba36bca6b59f95e"
          },
          "sensitive_attributes": [],
          "identity_schema_version": 0,
          "private": "eyJlMmJmYjczMC1lY2FhLTExZTYtOGY4OC0zNDM2M2JjN2M0YzAiOnsiY3JlYXRlIjo2MDAwMDAwMDAwMDAsImRlbGV0ZSI6OTAwMDAwMDAwMDAwfSwic2NoZW1hX3ZlcnNpb24iOiIxIn0=",
          "dependencies": [
            "aws_security_group.alb_sg",
            "data.aws_vpc.default"
          ]
        }
      ]
    },
    {
      "mode": "managed",
      "type": "aws_security_group",
      "name": "strapi_rds_sg",
      "provider": "provider[\"registry.terraform.io/hashicorp/aws\"]",
      "instances": [
        {
          "schema_version": 1,
          "attributes": {
            "arn": "arn:aws:ec2:us-east-2:607700977843:security-group/sg-02f0ff4b08418c199",
            "description": "Allow access to RDS from ECS tasks",
            "egress": [
              {
                "cidr_blocks": [
                  "0.0.0.0/0"
                ],
                "description": "",
                "from_port": 0,
                "ipv6_cidr_blocks": [],
                "prefix_list_ids": [],
                "protocol": "-1",
                "security_groups": [],
                "self": false,
                "to_port": 0
              }
            ],
            "id": "sg-02f0ff4b08418c199",
            "ingress": [
              {
                "cidr_blocks": [],
                "description": "",
                "from_port": 5432,
                "ipv6_cidr_blocks": [],
                "prefix_list_ids": [],
                "protocol": "tcp",
                "security_groups": [
                  "sg-03e2836277d55da88"
                ],
                "self": false,
                "to_port": 5432
              }
            ],
            "name": "strapi-varun-rds-sg",
            "name_prefix": "",
            "owner_id": "607700977843",
            "region": "us-east-2",
            "revoke_rules_on_delete": false,
            "tags": {
              "Name": "strapi-varun-rds-sg"
            },
            "tags_all": {
              "Name": "strapi-varun-rds-sg"
            },
            "timeouts": null,
            "vpc_id": "vpc-06ba36bca6b59f95e"
          },
          "sensitive_attributes": [],
          "identity_schema_version": 0,
          "private": "eyJlMmJmYjczMC1lY2FhLTExZTYtOGY4OC0zNDM2M2JjN2M0YzAiOnsiY3JlYXRlIjo2MDAwMDAwMDAwMDAsImRlbGV0ZSI6OTAwMDAwMDAwMDAwfSwic2NoZW1hX3ZlcnNpb24iOiIxIn0=",
          "dependencies": [
            "aws_security_group.alb_sg",
            "aws_security_group.ecs_task_sg",
            "data.aws_vpc.default"
          ]
        }
      ]
    }
  ],
  "check_results": null
}
