{
  "version": 4,
  "terraform_version": "1.12.2",
  "serial": 22,
  "lineage": "0a13cd24-aa2f-7f06-1fce-90e6600ca23c",
  "outputs": {},
  "resources": [
    {
      "mode": "data",
      "type": "aws_subnet",
      "name": "selected",
      "provider": "provider[\"registry.terraform.io/hashicorp/aws\"]",
      "instances": [
        {
          "index_key": 0,
          "schema_version": 0,
          "attributes": {
            "arn": "arn:aws:ec2:us-east-2:607700977843:subnet/subnet-00149dab4a12107f1",
            "assign_ipv6_address_on_creation": false,
            "availability_zone": "us-east-2b",
            "availability_zone_id": "use2-az2",
            "available_ip_address_count": 235,
            "cidr_block": "172.31.241.0/24",
            "customer_owned_ipv4_pool": "",
            "default_for_az": false,
            "enable_dns64": false,
            "enable_lni_at_device_index": 0,
            "enable_resource_name_dns_a_record_on_launch": false,
            "enable_resource_name_dns_aaaa_record_on_launch": false,
            "filter": null,
            "id": "subnet-00149dab4a12107f1",
            "ipv6_cidr_block": "",
            "ipv6_cidr_block_association_id": "",
            "ipv6_native": false,
            "map_customer_owned_ip_on_launch": false,
            "map_public_ip_on_launch": false,
            "outpost_arn": "",
            "owner_id": "607700977843",
            "private_dns_hostname_type_on_launch": "ip-name",
            "region": "us-east-2",
            "state": "available",
            "tags": {
              "Name": "strapi-private-subnet-2-vivek"
            },
            "timeouts": null,
            "vpc_id": "vpc-06ba36bca6b59f95e"
          },
          "sensitive_attributes": [],
          "identity_schema_version": 0
        },
        {
          "index_key": 1,
          "schema_version": 0,
          "attributes": {
            "arn": "arn:aws:ec2:us-east-2:607700977843:subnet/subnet-03e27b60efa8df9f0",
            "assign_ipv6_address_on_creation": false,
            "availability_zone": "us-east-2b",
            "availability_zone_id": "use2-az2",
            "available_ip_address_count": 237,
            "cidr_block": "172.31.65.0/24",
            "customer_owned_ipv4_pool": "",
            "default_for_az": false,
            "enable_dns64": false,
            "enable_lni_at_device_index": 0,
            "enable_resource_name_dns_a_record_on_launch": false,
            "enable_resource_name_dns_aaaa_record_on_launch": false,
            "filter": null,
            "id": "subnet-03e27b60efa8df9f0",
            "ipv6_cidr_block": "",
            "ipv6_cidr_block_association_id": "",
            "ipv6_native": false,
            "map_customer_owned_ip_on_launch": false,
            "map_public_ip_on_launch": true,
            "outpost_arn": "",
            "owner_id": "607700977843",
            "private_dns_hostname_type_on_launch": "ip-name",
            "region": "us-east-2",
            "state": "available",
            "tags": {
              "Name": "Ohio-Public-Subnet-1"
            },
            "timeouts": null,
            "vpc_id": "vpc-06ba36bca6b59f95e"
          },
          "sensitive_attributes": [],
          "identity_schema_version": 0
        },
        {
          "index_key": 2,
          "schema_version": 0,
          "attributes": {
            "arn": "arn:aws:ec2:us-east-2:607700977843:subnet/subnet-0a1e6640cafebb652",
            "assign_ipv6_address_on_creation": false,
            "availability_zone": "us-east-2a",
            "availability_zone_id": "use2-az1",
            "available_ip_address_count": 250,
            "cidr_block": "172.31.230.0/24",
            "customer_owned_ipv4_pool": "",
            "default_for_az": false,
            "enable_dns64": false,
            "enable_lni_at_device_index": 0,
            "enable_resource_name_dns_a_record_on_launch": false,
            "enable_resource_name_dns_aaaa_record_on_launch": false,
            "filter": null,
            "id": "subnet-0a1e6640cafebb652",
            "ipv6_cidr_block": "",
            "ipv6_cidr_block_association_id": "",
            "ipv6_native": false,
            "map_customer_owned_ip_on_launch": false,
            "map_public_ip_on_launch": false,
            "outpost_arn": "",
            "owner_id": "607700977843",
            "private_dns_hostname_type_on_launch": "ip-name",
            "region": "us-east-2",
            "state": "available",
            "tags": {
              "Name": "strapi-private-subnet-1-vivek"
            },
            "timeouts": null,
            "vpc_id": "vpc-06ba36bca6b59f95e"
          },
          "sensitive_attributes": [],
          "identity_schema_version": 0
        },
        {
          "index_key": 3,
          "schema_version": 0,
          "attributes": {
            "arn": "arn:aws:ec2:us-east-2:607700977843:subnet/subnet-0b0c80158adeacc32",
            "assign_ipv6_address_on_creation": false,
            "availability_zone": "us-east-2b",
            "availability_zone_id": "use2-az2",
            "available_ip_address_count": 123,
            "cidr_block": "172.31.49.0/25",
            "customer_owned_ipv4_pool": "",
            "default_for_az": false,
            "enable_dns64": false,
            "enable_lni_at_device_index": 0,
            "enable_resource_name_dns_a_record_on_launch": false,
            "enable_resource_name_dns_aaaa_record_on_launch": false,
            "filter": null,
            "id": "subnet-0b0c80158adeacc32",
            "ipv6_cidr_block": "",
            "ipv6_cidr_block_association_id": "",
            "ipv6_native": false,
            "map_customer_owned_ip_on_launch": false,
            "map_public_ip_on_launch": false,
            "outpost_arn": "",
            "owner_id": "607700977843",
            "private_dns_hostname_type_on_launch": "ip-name",
            "region": "us-east-2",
            "state": "available",
            "tags": {
              "Name": "RDS-Pvt-subnet-3"
            },
            "timeouts": null,
            "vpc_id": "vpc-06ba36bca6b59f95e"
          },
          "sensitive_attributes": [],
          "identity_schema_version": 0
        },
        {
          "index_key": 4,
          "schema_version": 0,
          "attributes": {
            "arn": "arn:aws:ec2:us-east-2:607700977843:subnet/subnet-0f768008c6324831f",
            "assign_ipv6_address_on_creation": false,
            "availability_zone": "us-east-2c",
            "availability_zone_id": "use2-az3",
            "available_ip_address_count": 4062,
            "cidr_block": "172.31.32.0/20",
            "customer_owned_ipv4_pool": "",
            "default_for_az": true,
            "enable_dns64": false,
            "enable_lni_at_device_index": 0,
            "enable_resource_name_dns_a_record_on_launch": false,
            "enable_resource_name_dns_aaaa_record_on_launch": false,
            "filter": null,
            "id": "subnet-0f768008c6324831f",
            "ipv6_cidr_block": "",
            "ipv6_cidr_block_association_id": "",
            "ipv6_native": false,
            "map_customer_owned_ip_on_launch": false,
            "map_public_ip_on_launch": true,
            "outpost_arn": "",
            "owner_id": "607700977843",
            "private_dns_hostname_type_on_launch": "ip-name",
            "region": "us-east-2",
            "state": "available",
            "tags": {},
            "timeouts": null,
            "vpc_id": "vpc-06ba36bca6b59f95e"
          },
          "sensitive_attributes": [],
          "identity_schema_version": 0
        },
        {
          "index_key": 5,
          "schema_version": 0,
          "attributes": {
            "arn": "arn:aws:ec2:us-east-2:607700977843:subnet/subnet-0ead73c4096ea3404",
            "assign_ipv6_address_on_creation": false,
            "availability_zone": "us-east-2a",
            "availability_zone_id": "use2-az1",
            "available_ip_address_count": 123,
            "cidr_block": "172.31.48.0/25",
            "customer_owned_ipv4_pool": "",
            "default_for_az": false,
            "enable_dns64": false,
            "enable_lni_at_device_index": 0,
            "enable_resource_name_dns_a_record_on_launch": false,
            "enable_resource_name_dns_aaaa_record_on_launch": false,
            "filter": null,
            "id": "subnet-0ead73c4096ea3404",
            "ipv6_cidr_block": "",
            "ipv6_cidr_block_association_id": "",
            "ipv6_native": false,
            "map_customer_owned_ip_on_launch": false,
            "map_public_ip_on_launch": false,
            "outpost_arn": "",
            "owner_id": "607700977843",
            "private_dns_hostname_type_on_launch": "ip-name",
            "region": "us-east-2",
            "state": "available",
            "tags": {
              "Name": "RDS-Pvt-subnet-1"
            },
            "timeouts": null,
            "vpc_id": "vpc-06ba36bca6b59f95e"
          },
          "sensitive_attributes": [],
          "identity_schema_version": 0
        },
        {
          "index_key": 6,
          "schema_version": 0,
          "attributes": {
            "arn": "arn:aws:ec2:us-east-2:607700977843:subnet/subnet-024126fd1eb33ec08",
            "assign_ipv6_address_on_creation": false,
            "availability_zone": "us-east-2a",
            "availability_zone_id": "use2-az1",
            "available_ip_address_count": 243,
            "cidr_block": "172.31.64.0/24",
            "customer_owned_ipv4_pool": "",
            "default_for_az": false,
            "enable_dns64": false,
            "enable_lni_at_device_index": 0,
            "enable_resource_name_dns_a_record_on_launch": false,
            "enable_resource_name_dns_aaaa_record_on_launch": false,
            "filter": null,
            "id": "subnet-024126fd1eb33ec08",
            "ipv6_cidr_block": "",
            "ipv6_cidr_block_association_id": "",
            "ipv6_native": false,
            "map_customer_owned_ip_on_launch": false,
            "map_public_ip_on_launch": true,
            "outpost_arn": "",
            "owner_id": "607700977843",
            "private_dns_hostname_type_on_launch": "ip-name",
            "region": "us-east-2",
            "state": "available",
            "tags": {
              "Name": "Ohio-Public-Subnet-0"
            },
            "timeouts": null,
            "vpc_id": "vpc-06ba36bca6b59f95e"
          },
          "sensitive_attributes": [],
          "identity_schema_version": 0
        },
        {
          "index_key": 7,
          "schema_version": 0,
          "attributes": {
            "arn": "arn:aws:ec2:us-east-2:607700977843:subnet/subnet-0c0bb5df2571165a9",
            "assign_ipv6_address_on_creation": false,
            "availability_zone": "us-east-2a",
            "availability_zone_id": "use2-az1",
            "available_ip_address_count": 4082,
            "cidr_block": "172.31.0.0/20",
            "customer_owned_ipv4_pool": "",
            "default_for_az": true,
            "enable_dns64": false,
            "enable_lni_at_device_index": 0,
            "enable_resource_name_dns_a_record_on_launch": false,
            "enable_resource_name_dns_aaaa_record_on_launch": false,
            "filter": null,
            "id": "subnet-0c0bb5df2571165a9",
            "ipv6_cidr_block": "",
            "ipv6_cidr_block_association_id": "",
            "ipv6_native": false,
            "map_customer_owned_ip_on_launch": false,
            "map_public_ip_on_launch": true,
            "outpost_arn": "",
            "owner_id": "607700977843",
            "private_dns_hostname_type_on_launch": "ip-name",
            "region": "us-east-2",
            "state": "available",
            "tags": {},
            "timeouts": null,
            "vpc_id": "vpc-06ba36bca6b59f95e"
          },
          "sensitive_attributes": [],
          "identity_schema_version": 0
        },
        {
          "index_key": 8,
          "schema_version": 0,
          "attributes": {
            "arn": "arn:aws:ec2:us-east-2:607700977843:subnet/subnet-0cc2ddb32492bcc41",
            "assign_ipv6_address_on_creation": false,
            "availability_zone": "us-east-2b",
            "availability_zone_id": "use2-az2",
            "available_ip_address_count": 249,
            "cidr_block": "172.31.102.0/24",
            "customer_owned_ipv4_pool": "",
            "default_for_az": false,
            "enable_dns64": false,
            "enable_lni_at_device_index": 0,
            "enable_resource_name_dns_a_record_on_launch": false,
            "enable_resource_name_dns_aaaa_record_on_launch": false,
            "filter": null,
            "id": "subnet-0cc2ddb32492bcc41",
            "ipv6_cidr_block": "",
            "ipv6_cidr_block_association_id": "",
            "ipv6_native": false,
            "map_customer_owned_ip_on_launch": false,
            "map_public_ip_on_launch": true,
            "outpost_arn": "",
            "owner_id": "607700977843",
            "private_dns_hostname_type_on_launch": "ip-name",
            "region": "us-east-2",
            "state": "available",
            "tags": {},
            "timeouts": null,
            "vpc_id": "vpc-06ba36bca6b59f95e"
          },
          "sensitive_attributes": [],
          "identity_schema_version": 0
        },
        {
          "index_key": 9,
          "schema_version": 0,
          "attributes": {
            "arn": "arn:aws:ec2:us-east-2:607700977843:subnet/subnet-0cc813dd4d76bf797",
            "assign_ipv6_address_on_creation": false,
            "availability_zone": "us-east-2b",
            "availability_zone_id": "use2-az2",
            "available_ip_address_count": 4078,
            "cidr_block": "172.31.16.0/20",
            "customer_owned_ipv4_pool": "",
            "default_for_az": true,
            "enable_dns64": false,
            "enable_lni_at_device_index": 0,
            "enable_resource_name_dns_a_record_on_launch": false,
            "enable_resource_name_dns_aaaa_record_on_launch": false,
            "filter": null,
            "id": "subnet-0cc813dd4d76bf797",
            "ipv6_cidr_block": "",
            "ipv6_cidr_block_association_id": "",
            "ipv6_native": false,
            "map_customer_owned_ip_on_launch": false,
            "map_public_ip_on_launch": true,
            "outpost_arn": "",
            "owner_id": "607700977843",
            "private_dns_hostname_type_on_launch": "ip-name",
            "region": "us-east-2",
            "state": "available",
            "tags": {},
            "timeouts": null,
            "vpc_id": "vpc-06ba36bca6b59f95e"
          },
          "sensitive_attributes": [],
          "identity_schema_version": 0
        },
        {
          "index_key": 10,
          "schema_version": 0,
          "attributes": {
            "arn": "arn:aws:ec2:us-east-2:607700977843:subnet/subnet-0dc0f70ddea3c7b99",
            "assign_ipv6_address_on_creation": false,
            "availability_zone": "us-east-2a",
            "availability_zone_id": "use2-az1",
            "available_ip_address_count": 235,
            "cidr_block": "172.31.200.0/24",
            "customer_owned_ipv4_pool": "",
            "default_for_az": false,
            "enable_dns64": false,
            "enable_lni_at_device_index": 0,
            "enable_resource_name_dns_a_record_on_launch": false,
            "enable_resource_name_dns_aaaa_record_on_launch": false,
            "filter": null,
            "id": "subnet-0dc0f70ddea3c7b99",
            "ipv6_cidr_block": "",
            "ipv6_cidr_block_association_id": "",
            "ipv6_native": false,
            "map_customer_owned_ip_on_launch": false,
            "map_public_ip_on_launch": false,
            "outpost_arn": "",
            "owner_id": "607700977843",
            "private_dns_hostname_type_on_launch": "ip-name",
            "region": "us-east-2",
            "state": "available",
            "tags": {
              "Name": "strapi-private-subnet-1-vivek"
            },
            "timeouts": null,
            "vpc_id": "vpc-06ba36bca6b59f95e"
          },
          "sensitive_attributes": [],
          "identity_schema_version": 0
        },
        {
          "index_key": 11,
          "schema_version": 0,
          "attributes": {
            "arn": "arn:aws:ec2:us-east-2:607700977843:subnet/subnet-0f270cd24889d1201",
            "assign_ipv6_address_on_creation": false,
            "availability_zone": "us-east-2c",
            "availability_zone_id": "use2-az3",
            "available_ip_address_count": 123,
            "cidr_block": "172.31.48.128/25",
            "customer_owned_ipv4_pool": "",
            "default_for_az": false,
            "enable_dns64": false,
            "enable_lni_at_device_index": 0,
            "enable_resource_name_dns_a_record_on_launch": false,
            "enable_resource_name_dns_aaaa_record_on_launch": false,
            "filter": null,
            "id": "subnet-0f270cd24889d1201",
            "ipv6_cidr_block": "",
            "ipv6_cidr_block_association_id": "",
            "ipv6_native": false,
            "map_customer_owned_ip_on_launch": false,
            "map_public_ip_on_launch": false,
            "outpost_arn": "",
            "owner_id": "607700977843",
            "private_dns_hostname_type_on_launch": "ip-name",
            "region": "us-east-2",
            "state": "available",
            "tags": {
              "Name": "RDS-Pvt-subnet-2"
            },
            "timeouts": null,
            "vpc_id": "vpc-06ba36bca6b59f95e"
          },
          "sensitive_attributes": [],
          "identity_schema_version": 0
        },
        {
          "index_key": 12,
          "schema_version": 0,
          "attributes": {
            "arn": "arn:aws:ec2:us-east-2:607700977843:subnet/subnet-0906c244cfe901a9a",
            "assign_ipv6_address_on_creation": false,
            "availability_zone": "us-east-2a",
            "availability_zone_id": "use2-az1",
            "available_ip_address_count": 249,
            "cidr_block": "172.31.101.0/24",
            "customer_owned_ipv4_pool": "",
            "default_for_az": false,
            "enable_dns64": false,
            "enable_lni_at_device_index": 0,
            "enable_resource_name_dns_a_record_on_launch": false,
            "enable_resource_name_dns_aaaa_record_on_launch": false,
            "filter": null,
            "id": "subnet-0906c244cfe901a9a",
            "ipv6_cidr_block": "",
            "ipv6_cidr_block_association_id": "",
            "ipv6_native": false,
            "map_customer_owned_ip_on_launch": false,
            "map_public_ip_on_launch": true,
            "outpost_arn": "",
            "owner_id": "607700977843",
            "private_dns_hostname_type_on_launch": "ip-name",
            "region": "us-east-2",
            "state": "available",
            "tags": {},
            "timeouts": null,
            "vpc_id": "vpc-06ba36bca6b59f95e"
          },
          "sensitive_attributes": [],
          "identity_schema_version": 0
        }
      ]
    },
    {
      "mode": "data",
      "type": "aws_subnets",
      "name": "default_vpc_subnets",
      "provider": "provider[\"registry.terraform.io/hashicorp/aws\"]",
      "instances": [
        {
          "schema_version": 0,
          "attributes": {
            "filter": [
              {
                "name": "vpc-id",
                "values": [
                  "vpc-06ba36bca6b59f95e"
                ]
              }
            ],
            "id": "us-east-2",
            "ids": [
              "subnet-00149dab4a12107f1",
              "subnet-03e27b60efa8df9f0",
              "subnet-0a1e6640cafebb652",
              "subnet-0b0c80158adeacc32",
              "subnet-0f768008c6324831f",
              "subnet-0ead73c4096ea3404",
              "subnet-024126fd1eb33ec08",
              "subnet-0c0bb5df2571165a9",
              "subnet-0cc2ddb32492bcc41",
              "subnet-0cc813dd4d76bf797",
              "subnet-0dc0f70ddea3c7b99",
              "subnet-0f270cd24889d1201",
              "subnet-0906c244cfe901a9a"
            ],
            "region": "us-east-2",
            "tags": null,
            "timeouts": null
          },
          "sensitive_attributes": [],
          "identity_schema_version": 0
        }
      ]
    },
    {
      "mode": "data",
      "type": "aws_vpc",
      "name": "default",
      "provider": "provider[\"registry.terraform.io/hashicorp/aws\"]",
      "instances": [
        {
          "schema_version": 0,
          "attributes": {
            "arn": "arn:aws:ec2:us-east-2:607700977843:vpc/vpc-06ba36bca6b59f95e",
            "cidr_block": "172.31.0.0/16",
            "cidr_block_associations": [
              {
                "association_id": "vpc-cidr-assoc-079ee5ea1da8fe27b",
                "cidr_block": "172.31.0.0/16",
                "state": "associated"
              }
            ],
            "default": true,
            "dhcp_options_id": "dopt-03e3d26b708060323",
            "enable_dns_hostnames": true,
            "enable_dns_support": true,
            "enable_network_address_usage_metrics": false,
            "filter": null,
            "id": "vpc-06ba36bca6b59f95e",
            "instance_tenancy": "default",
            "ipv6_association_id": "",
            "ipv6_cidr_block": "",
            "main_route_table_id": "rtb-0542e3cdc6e78d5ee",
            "owner_id": "607700977843",
            "region": "us-east-2",
            "state": null,
            "tags": {},
            "timeouts": null
          },
          "sensitive_attributes": [],
          "identity_schema_version": 0
        }
      ]
    },
    {
      "mode": "managed",
      "type": "aws_ecs_cluster",
      "name": "strapi_cluster",
      "provider": "provider[\"registry.terraform.io/hashicorp/aws\"]",
      "instances": [
        {
          "schema_version": 0,
          "attributes": {
            "arn": "arn:aws:ecs:us-east-2:607700977843:cluster/strapi-varun-cluster",
            "configuration": [],
            "id": "arn:aws:ecs:us-east-2:607700977843:cluster/strapi-varun-cluster",
            "name": "strapi-varun-cluster",
            "region": "us-east-2",
            "service_connect_defaults": [],
            "setting": [
              {
                "name": "containerInsights",
                "value": "enabled"
              }
            ],
            "tags": null,
            "tags_all": {}
          },
          "sensitive_attributes": [],
          "identity_schema_version": 0,
          "private": "bnVsbA=="
        }
      ]
    }
  ],
  "check_results": null
}
